
Microsoft Visual Studio Solution File, Format Version 12.00
# Visual Studio Version 17
VisualStudioVersion = 17.3.32922.545
MinimumVisualStudioVersion = 10.0.40219.1
Project("{9A19103F-16F7-4668-BE54-9A1E7A4F7556}") = "GestionPrestamos2022", "GestionPrestamos2022.csproj", "{FB9FB75A-F79D-4DCF-AC4D-04F03CBDDBC0}"
EndProject
Global
	GlobalSection(SolutionConfigurationPlatforms) = preSolution
		Debug|Any CPU = Debug|Any CPU
		Release|Any CPU = Release|Any CPU
	EndGlobalSection
	GlobalSection(ProjectConfigurationPlatforms) = postSolution
		{FB9FB75A-F79D-4DCF-AC4D-04F03CBDDBC0}.Debug|Any CPU.ActiveCfg = Debug|Any CPU
		{FB9FB75A-F79D-4DCF-AC4D-04F03CBDDBC0}.Debug|Any CPU.Build.0 = Debug|Any CPU
		{FB9FB75A-F79D-4DCF-AC4D-04F03CBDDBC0}.Release|Any CPU.ActiveCfg = Release|Any CPU
		{FB9FB75A-F79D-4DCF-AC4D-04F03CBDDBC0}.Release|Any CPU.Build.0 = Release|Any CPU
	EndGlobalSection
	GlobalSection(SolutionProperties) = preSolution
		HideSolutionNode = FALSE
	EndGlobalSection
	GlobalSection(ExtensibilityGlobals) = postSolution
		SolutionGuid = {BF59FB2C-C5D2-478B-A347-843BB5AE675E}
	EndGlobalSection
EndGlobal
